
Microsoft Visual Studio Solution File, Format Version 12.00
# Visual Studio 15
VisualStudioVersion = 15.0.28307.852
MinimumVisualStudioVersion = 10.0.40219.1
Project("{FAE04EC0-301F-11D3-BF4B-00C04F79EFBC}") = "Assignment", "Assignment\Assignment.csproj", "{DFBCDD4D-3833-4EA0-A92C-5779B3CEC65E}"
EndProject
Global
	GlobalSection(SolutionConfigurationPlatforms) = preSolution
		Debug|Any CPU = Debug|Any CPU
		Release|Any CPU = Release|Any CPU
	EndGlobalSection
	GlobalSection(ProjectConfigurationPlatforms) = postSolution
		{DFBCDD4D-3833-4EA0-A92C-5779B3CEC65E}.Debug|Any CPU.ActiveCfg = Debug|Any CPU
		{DFBCDD4D-3833-4EA0-A92C-5779B3CEC65E}.Debug|Any CPU.Build.0 = Debug|Any CPU
		{DFBCDD4D-3833-4EA0-A92C-5779B3CEC65E}.Release|Any CPU.ActiveCfg = Release|Any CPU
		{DFBCDD4D-3833-4EA0-A92C-5779B3CEC65E}.Release|Any CPU.Build.0 = Release|Any CPU
	EndGlobalSection
	GlobalSection(SolutionProperties) = preSolution
		HideSolutionNode = FALSE
	EndGlobalSection
	GlobalSection(ExtensibilityGlobals) = postSolution
		SolutionGuid = {C3FF16DA-80EE-4D57-8C90-35587010A008}
	EndGlobalSection
EndGlobal
